Microsoft Visual Studio Solution File, Format Version 12.00
# Visual Studio Version 17
VisualStudioVersion = 17.5.2.0
MinimumVisualStudioVersion = 10.0.40219.1
Project("{FAE04EC0-301F-11D3-BF4B-00C04F79EFBC}") = "josh-bnb", "josh-bnb.csproj", "{5B507951-E53B-8A26-EA1A-DA4F1DBB5243}"
EndProject
Global
	GlobalSection(SolutionConfigurationPlatforms) = preSolution
		Debug|Any CPU = Debug|Any CPU
		Release|Any CPU = Release|Any CPU
	EndGlobalSection
	GlobalSection(ProjectConfigurationPlatforms) = postSolution
		{5B507951-E53B-8A26-EA1A-DA4F1DBB5243}.Debug|Any CPU.ActiveCfg = Debug|Any CPU
		{5B507951-E53B-8A26-EA1A-DA4F1DBB5243}.Debug|Any CPU.Build.0 = Debug|Any CPU
		{5B507951-E53B-8A26-EA1A-DA4F1DBB5243}.Release|Any CPU.ActiveCfg = Release|Any CPU
		{5B507951-E53B-8A26-EA1A-DA4F1DBB5243}.Release|Any CPU.Build.0 = Release|Any CPU
	EndGlobalSection
	GlobalSection(SolutionProperties) = preSolution
		HideSolutionNode = FALSE
	EndGlobalSection
	GlobalSection(ExtensibilityGlobals) = postSolution
		SolutionGuid = {EF7BEF65-39A3-4E4E-9959-71DFC37677DF}
	EndGlobalSection
EndGlobal
